# @generated by Move, please check-in and do not edit manually.

[move]
version = 0
manifest_digest = "C3A7EF2048DFD66E6CE13279BCA627B6AE4FCBC09E2E796EDD80DDC733B8BEBC"
deps_digest = "EF7571E199EC82252D52E28DAD0D35238131463B16A97C5CF4204115073ECBE2"

dependencies = [
  { name = "MoveStdlib" },
  { name = "Sui" },
  { name = "SuiSystem" },
]

[[move.package]]
name = "MoveStdlib"
source = { git = "https://github.com/MystenLabs/sui.git", rev = "testnet-v1.9.0", subdir = "crates/sui-framework/packages/move-stdlib" }

[[move.package]]
name = "Sui"
source = { git = "https://github.com/MystenLabs/sui.git", rev = "testnet-v1.9.0", subdir = "crates/sui-framework/packages/sui-framework" }

dependencies = [
  { name = "MoveStdlib" },
]

[[move.package]]
name = "SuiSystem"
source = { git = "https://github.com/MystenLabs/sui.git", rev = "testnet-v1.9.0", subdir = "crates/sui-framework/packages/sui-system" }

dependencies = [
  { name = "MoveStdlib" },
  { name = "Sui" },
]
