# @generated by Move, please check-in and do not edit manually.

[move]
version = 0
manifest_digest = "1B9BFC03D534F2EB09D694374049BC3F0E7E5C8645AC3CE35E0B8446F12D24E9"
deps_digest = "F07D8E6C41C3750BC115167329EDC702CF2557EDAA4B5F07D3D2099BE9737189"

dependencies = [
  { name = "MoveStdlib" },
  { name = "Sui" },
]

[[move.package]]
name = "MoveStdlib"
source = { git = "https://github.com/MystenLabs/sui.git", rev = "testnet-v1.9.0", subdir = "crates/sui-framework/packages/move-stdlib" }

[[move.package]]
name = "Sui"
source = { git = "https://github.com/MystenLabs/sui.git", rev = "testnet-v1.9.0", subdir = "crates/sui-framework/packages/sui-framework" }

dependencies = [
  { name = "MoveStdlib" },
]
