# @generated by Move, please check-in and do not edit manually.

[move]
version = 0
manifest_digest = "4682A81B4FB619B8F82609DFCF308E8A5B29B687068A8D02AEDDB0BC06D1C698"
deps_digest = "F3A77B890179F2F6BDB1B01A86F510055F04DF9F57A515D09411B44F214008D9"

dependencies = [
  { name = "Access" },
  { name = "InterestFramework" },
  { name = "InterestTokens" },
  { name = "MoveStdlib" },
  { name = "Sui" },
  { name = "SuiSystem" },
]

[[move.package]]
name = "Access"
source = { local = "../access" }

dependencies = [
  { name = "Sui" },
]

[[move.package]]
name = "InterestFramework"
source = { local = "../framework" }

dependencies = [
  { name = "MoveStdlib" },
  { name = "Sui" },
]

[[move.package]]
name = "InterestTokens"
source = { local = "../tokens" }

dependencies = [
  { name = "Access" },
  { name = "InterestFramework" },
  { name = "MoveStdlib" },
  { name = "Sui" },
]

[[move.package]]
name = "MoveStdlib"
source = { git = "https://github.com/MystenLabs/sui.git", rev = "testnet-v1.9.0", subdir = "crates/sui-framework/packages/move-stdlib" }

[[move.package]]
name = "Sui"
source = { git = "https://github.com/MystenLabs/sui.git", rev = "testnet-v1.9.0", subdir = "crates/sui-framework/packages/sui-framework" }

dependencies = [
  { name = "MoveStdlib" },
]

[[move.package]]
name = "SuiSystem"
source = { git = "https://github.com/MystenLabs/sui.git", rev = "testnet-v1.9.0", subdir = "crates/sui-framework/packages/sui-system" }

dependencies = [
  { name = "MoveStdlib" },
  { name = "Sui" },
]
