# @generated by Move, please check-in and do not edit manually.

[move]
version = 0
manifest_digest = "8A9B3E5D7C85323CB5FCBE0FD2F668F09139D48F7C4EF1CFDE6E5DABC8922358"

dependencies = [
  { name = "Access" },
  { name = "InterestFramework" },
  { name = "MoveStdlib" },
  { name = "Sui" },
]

[[move.package]]
name = "Access"
source = { local = "../access" }

dependencies = [
  { name = "Sui" },
]

[[move.package]]
name = "InterestFramework"
source = { local = "../framework" }

dependencies = [
  { name = "MoveStdlib" },
  { name = "Sui" },
]

[[move.package]]
name = "MoveStdlib"
source = { git = "https://github.com/MystenLabs/sui.git", rev = "testnet-v1.9.0", subdir = "crates/sui-framework/packages/move-stdlib" }

[[move.package]]
name = "Sui"
source = { git = "https://github.com/MystenLabs/sui.git", rev = "testnet-v1.9.0", subdir = "crates/sui-framework/packages/sui-framework" }

dependencies = [
  { name = "MoveStdlib" },
]
